// !$*UTF8*$!
{
	archiveVersion = 1;
	classes = {
	};
	objectVersion = 60;
	objects = {

/* Begin PBXBuildFile section */
		B10000000000000000000041 /* ImmersiveMapSettingsMacApp.swift in Sources */ = {isa = PBXBuildFile; fileRef = B10000000000000000000031 /* ImmersiveMapSettingsMacApp.swift */; };
		B10000000000000000000042 /* PlaygroundSection.swift in Sources */ = {isa = PBXBuildFile; fileRef = B10000000000000000000032 /* PlaygroundSection.swift */; };
		B10000000000000000000043 /* PanelControls.swift in Sources */ = {isa = PBXBuildFile; fileRef = B10000000000000000000033 /* PanelControls.swift */; };
		B10000000000000000000044 /* LabelsPanel.swift in Sources */ = {isa = PBXBuildFile; fileRef = B10000000000000000000034 /* LabelsPanel.swift */; };
		B10000000000000000000045 /* BuildingsPanel.swift in Sources */ = {isa = PBXBuildFile; fileRef = B10000000000000000000035 /* BuildingsPanel.swift */; };
		B10000000000000000000046 /* SkyPanel.swift in Sources */ = {isa = PBXBuildFile; fileRef = B10000000000000000000036 /* SkyPanel.swift */; };
		B10000000000000000000047 /* StylePanel.swift in Sources */ = {isa = PBXBuildFile; fileRef = B10000000000000000000037 /* StylePanel.swift */; };
		B10000000000000000000048 /* PresentationPanel.swift in Sources */ = {isa = PBXBuildFile; fileRef = B10000000000000000000038 /* PresentationPanel.swift */; };
		B10000000000000000000049 /* DiagnosticsPanel.swift in Sources */ = {isa = PBXBuildFile; fileRef = B10000000000000000000039 /* DiagnosticsPanel.swift */; };
		B1000000000000000000004A /* CameraPanel.swift in Sources */ = {isa = PBXBuildFile; fileRef = B1000000000000000000003A /* CameraPanel.swift */; };
		B10000000000000000000003 /* ImmersiveMap in Frameworks */ = {isa = PBXBuildFile; productRef = B10000000000000000000004 /* ImmersiveMap */; };
/* End PBXBuildFile section */

/* Begin PBXFileReference section */
		B10000000000000000000031 /* ImmersiveMapSettingsMacApp.swift */ = {isa = PBXFileReference; lastKnownFileType = sourcecode.swift; path = ImmersiveMapSettingsMacApp.swift; sourceTree = "<group>"; };
		B10000000000000000000032 /* PlaygroundSection.swift */ = {isa = PBXFileReference; lastKnownFileType = sourcecode.swift; path = PlaygroundSection.swift; sourceTree = "<group>"; };
		B10000000000000000000033 /* PanelControls.swift */ = {isa = PBXFileReference; lastKnownFileType = sourcecode.swift; path = PanelControls.swift; sourceTree = "<group>"; };
		B10000000000000000000034 /* LabelsPanel.swift */ = {isa = PBXFileReference; lastKnownFileType = sourcecode.swift; path = LabelsPanel.swift; sourceTree = "<group>"; };
		B10000000000000000000035 /* BuildingsPanel.swift */ = {isa = PBXFileReference; lastKnownFileType = sourcecode.swift; path = BuildingsPanel.swift; sourceTree = "<group>"; };
		B10000000000000000000036 /* SkyPanel.swift */ = {isa = PBXFileReference; lastKnownFileType = sourcecode.swift; path = SkyPanel.swift; sourceTree = "<group>"; };
		B10000000000000000000037 /* StylePanel.swift */ = {isa = PBXFileReference; lastKnownFileType = sourcecode.swift; path = StylePanel.swift; sourceTree = "<group>"; };
		B10000000000000000000038 /* PresentationPanel.swift */ = {isa = PBXFileReference; lastKnownFileType = sourcecode.swift; path = PresentationPanel.swift; sourceTree = "<group>"; };
		B10000000000000000000039 /* DiagnosticsPanel.swift */ = {isa = PBXFileReference; lastKnownFileType = sourcecode.swift; path = DiagnosticsPanel.swift; sourceTree = "<group>"; };
		B1000000000000000000003A /* CameraPanel.swift */ = {isa = PBXFileReference; lastKnownFileType = sourcecode.swift; path = CameraPanel.swift; sourceTree = "<group>"; };
		B10000000000000000000005 /* ImmersiveMapSettingsMac.app */ = {isa = PBXFileReference; explicitFileType = wrapper.application; includeInIndex = 0; path = ImmersiveMapSettingsMac.app; sourceTree = BUILT_PRODUCTS_DIR; };
/* End PBXFileReference section */

/* Begin PBXFrameworksBuildPhase section */
		B10000000000000000000006 /* Frameworks */ = {
			isa = PBXFrameworksBuildPhase;
			buildActionMask = 2147483647;
			files = (
				B10000000000000000000003 /* ImmersiveMap in Frameworks */,
			);
			runOnlyForDeploymentPostprocessing = 0;
		};
/* End PBXFrameworksBuildPhase section */

/* Begin PBXGroup section */
		B10000000000000000000007 = {
			isa = PBXGroup;
			children = (
				B10000000000000000000008 /* ImmersiveMapSettingsMac */,
				B10000000000000000000009 /* Products */,
			);
			sourceTree = "<group>";
		};
		B10000000000000000000008 /* ImmersiveMapSettingsMac */ = {
			isa = PBXGroup;
			children = (
				B10000000000000000000031 /* ImmersiveMapSettingsMacApp.swift */,
				B10000000000000000000032 /* PlaygroundSection.swift */,
				B10000000000000000000033 /* PanelControls.swift */,
				B10000000000000000000034 /* LabelsPanel.swift */,
				B10000000000000000000035 /* BuildingsPanel.swift */,
				B10000000000000000000036 /* SkyPanel.swift */,
				B10000000000000000000037 /* StylePanel.swift */,
				B10000000000000000000038 /* PresentationPanel.swift */,
				B1000000000000000000003A /* CameraPanel.swift */,
				B10000000000000000000039 /* DiagnosticsPanel.swift */,
			);
			path = ImmersiveMapSettingsMac;
			sourceTree = "<group>";
		};
		B10000000000000000000009 /* Products */ = {
			isa = PBXGroup;
			children = (
				B10000000000000000000005 /* ImmersiveMapSettingsMac.app */,
			);
			name = Products;
			sourceTree = "<group>";
		};
/* End PBXGroup section */

/* Begin PBXNativeTarget section */
		B1000000000000000000000A /* ImmersiveMapSettingsMac */ = {
			isa = PBXNativeTarget;
			buildConfigurationList = B1000000000000000000000B /* Build configuration list for PBXNativeTarget "ImmersiveMapSettingsMac" */;
			buildPhases = (
				B1000000000000000000000C /* Sources */,
				B10000000000000000000006 /* Frameworks */,
				B1000000000000000000000D /* Resources */,
			);
			buildRules = (
			);
			dependencies = (
			);
			name = ImmersiveMapSettingsMac;
			packageProductDependencies = (
				B10000000000000000000004 /* ImmersiveMap */,
			);
			productName = ImmersiveMapSettingsMac;
			productReference = B10000000000000000000005 /* ImmersiveMapSettingsMac.app */;
			productType = "com.apple.product-type.application";
		};
/* End PBXNativeTarget section */

/* Begin PBXProject section */
		B1000000000000000000000E /* Project object */ = {
			isa = PBXProject;
			attributes = {
				BuildIndependentTargetsInParallel = 1;
				LastSwiftUpdateCheck = 2600;
				LastUpgradeCheck = 2600;
				TargetAttributes = {
					B1000000000000000000000A = {
						CreatedOnToolsVersion = 26.0;
					};
				};
			};
			buildConfigurationList = B1000000000000000000000F /* Build configuration list for PBXProject "ImmersiveMapSettingsMac" */;
			compatibilityVersion = "Xcode 14.0";
			developmentRegion = en;
			hasScannedForEncodings = 0;
			knownRegions = (
				en,
				Base,
			);
			mainGroup = B10000000000000000000007;
			packageReferences = (
				B10000000000000000000010 /* XCLocalSwiftPackageReference "../../.." */,
			);
			productRefGroup = B10000000000000000000009 /* Products */;
			projectDirPath = "";
			projectRoot = "";
			targets = (
				B1000000000000000000000A /* ImmersiveMapSettingsMac */,
			);
		};
/* End PBXProject section */

/* Begin PBXResourcesBuildPhase section */
		B1000000000000000000000D /* Resources */ = {
			isa = PBXResourcesBuildPhase;
			buildActionMask = 2147483647;
			files = (

			);
			runOnlyForDeploymentPostprocessing = 0;
		};
/* End PBXResourcesBuildPhase section */

/* Begin PBXSourcesBuildPhase section */
		B1000000000000000000000C /* Sources */ = {
			isa = PBXSourcesBuildPhase;
			buildActionMask = 2147483647;
			files = (
				B10000000000000000000041 /* ImmersiveMapSettingsMacApp.swift in Sources */,
				B10000000000000000000042 /* PlaygroundSection.swift in Sources */,
				B10000000000000000000043 /* PanelControls.swift in Sources */,
				B10000000000000000000044 /* LabelsPanel.swift in Sources */,
				B10000000000000000000045 /* BuildingsPanel.swift in Sources */,
				B10000000000000000000046 /* SkyPanel.swift in Sources */,
				B10000000000000000000047 /* StylePanel.swift in Sources */,
				B10000000000000000000048 /* PresentationPanel.swift in Sources */,
				B1000000000000000000004A /* CameraPanel.swift in Sources */,
				B10000000000000000000049 /* DiagnosticsPanel.swift in Sources */,
			);
			runOnlyForDeploymentPostprocessing = 0;
		};
/* End PBXSourcesBuildPhase section */

/* Begin XCBuildConfiguration section */
		B10000000000000000000011 /* Debug */ = {
			isa = XCBuildConfiguration;
			buildSettings = {
				ALWAYS_SEARCH_USER_PATHS = NO;
				CLANG_ANALYZER_NONNULL = YES;
				CLANG_ANALYZER_NUMBER_OBJECT_CONVERSION = YES_AGGRESSIVE;
				CLANG_ENABLE_MODULES = YES;
				CLANG_ENABLE_OBJC_ARC = YES;
				CLANG_ENABLE_OBJC_WEAK = YES;
				COPY_PHASE_STRIP = NO;
				DEBUG_INFORMATION_FORMAT = dwarf;
				ENABLE_STRICT_OBJC_MSGSEND = YES;
				ENABLE_TESTABILITY = YES;
				GCC_NO_COMMON_BLOCKS = YES;
				GCC_OPTIMIZATION_LEVEL = 0;
				MACOSX_DEPLOYMENT_TARGET = 15.0;
				LOCALIZATION_PREFERS_STRING_CATALOGS = YES;
				MTL_ENABLE_DEBUG_INFO = INCLUDE_SOURCE;
				MTL_FAST_MATH = YES;
				ONLY_ACTIVE_ARCH = YES;
				SDKROOT = macosx;
				SWIFT_ACTIVE_COMPILATION_CONDITIONS = "DEBUG $(inherited)";
				SWIFT_OPTIMIZATION_LEVEL = "-Onone";
			};
			name = Debug;
		};
		B10000000000000000000012 /* Release */ = {
			isa = XCBuildConfiguration;
			buildSettings = {
				ALWAYS_SEARCH_USER_PATHS = NO;
				CLANG_ANALYZER_NONNULL = YES;
				CLANG_ANALYZER_NUMBER_OBJECT_CONVERSION = YES_AGGRESSIVE;
				CLANG_ENABLE_MODULES = YES;
				CLANG_ENABLE_OBJC_ARC = YES;
				CLANG_ENABLE_OBJC_WEAK = YES;
				COPY_PHASE_STRIP = NO;
				DEBUG_INFORMATION_FORMAT = "dwarf-with-dsym";
				ENABLE_NS_ASSERTIONS = NO;
				ENABLE_STRICT_OBJC_MSGSEND = YES;
				GCC_NO_COMMON_BLOCKS = YES;
				MACOSX_DEPLOYMENT_TARGET = 15.0;
				LOCALIZATION_PREFERS_STRING_CATALOGS = YES;
				MTL_ENABLE_DEBUG_INFO = NO;
				MTL_FAST_MATH = YES;
				ONLY_ACTIVE_ARCH = YES;
				SDKROOT = macosx;
				SWIFT_COMPILATION_MODE = wholemodule;
				VALIDATE_PRODUCT = YES;
			};
			name = Release;
		};
		B10000000000000000000013 /* Debug */ = {
			isa = XCBuildConfiguration;
			buildSettings = {
				"CODE_SIGN_IDENTITY[sdk=macosx*]" = "Apple Development";
				CODE_SIGN_STYLE = Automatic;
				CURRENT_PROJECT_VERSION = 1;
				DEVELOPMENT_TEAM = B2MWFA6UQ8;
				ENABLE_PREVIEWS = YES;
				GENERATE_INFOPLIST_FILE = YES;
				ENABLE_HARDENED_RUNTIME = YES;
				LD_RUNPATH_SEARCH_PATHS = (
					"$(inherited)",
					"@executable_path/../Frameworks",
				);
				MARKETING_VERSION = 1.0;
				PRODUCT_BUNDLE_IDENTIFIER = com.artembobkin.ImmersiveMapSettingsMac;
				PRODUCT_NAME = "$(TARGET_NAME)";
				SWIFT_EMIT_LOC_STRINGS = YES;
				SWIFT_VERSION = 5.0;
			};
			name = Debug;
		};
		B10000000000000000000014 /* Release */ = {
			isa = XCBuildConfiguration;
			buildSettings = {
				"CODE_SIGN_IDENTITY[sdk=macosx*]" = "Apple Development";
				CODE_SIGN_STYLE = Automatic;
				CURRENT_PROJECT_VERSION = 1;
				DEVELOPMENT_TEAM = B2MWFA6UQ8;
				ENABLE_PREVIEWS = YES;
				GENERATE_INFOPLIST_FILE = YES;
				ENABLE_HARDENED_RUNTIME = YES;
				LD_RUNPATH_SEARCH_PATHS = (
					"$(inherited)",
					"@executable_path/../Frameworks",
				);
				MARKETING_VERSION = 1.0;
				PRODUCT_BUNDLE_IDENTIFIER = com.artembobkin.ImmersiveMapSettingsMac;
				PRODUCT_NAME = "$(TARGET_NAME)";
				SWIFT_EMIT_LOC_STRINGS = YES;
				SWIFT_VERSION = 5.0;
			};
			name = Release;
		};
/* End XCBuildConfiguration section */

/* Begin XCConfigurationList section */
		B1000000000000000000000B /* Build configuration list for PBXNativeTarget "ImmersiveMapSettingsMac" */ = {
			isa = XCConfigurationList;
			buildConfigurations = (
				B10000000000000000000013 /* Debug */,
				B10000000000000000000014 /* Release */,
			);
			defaultConfigurationIsVisible = 0;
			defaultConfigurationName = Release;
		};
		B1000000000000000000000F /* Build configuration list for PBXProject "ImmersiveMapSettingsMac" */ = {
			isa = XCConfigurationList;
			buildConfigurations = (
				B10000000000000000000011 /* Debug */,
				B10000000000000000000012 /* Release */,
			);
			defaultConfigurationIsVisible = 0;
			defaultConfigurationName = Release;
		};
/* End XCConfigurationList section */

/* Begin XCLocalSwiftPackageReference section */
		B10000000000000000000010 /* XCLocalSwiftPackageReference "../../.." */ = {
			isa = XCLocalSwiftPackageReference;
			relativePath = ../../..;
		};
/* End XCLocalSwiftPackageReference section */

/* Begin XCSwiftPackageProductDependency section */
		B10000000000000000000004 /* ImmersiveMap */ = {
			isa = XCSwiftPackageProductDependency;
			package = B10000000000000000000010 /* XCLocalSwiftPackageReference "../../.." */;
			productName = ImmersiveMap;
		};
/* End XCSwiftPackageProductDependency section */
	};
	rootObject = B1000000000000000000000E /* Project object */;
}
